// !$*UTF8*$!
{
	archiveVersion = 1;
	classes = {
	};
	objectVersion = 77;
	objects = {

/* Begin PBXBuildFile section */
		F3842D832FBD10CF00135D8F /* WidgetKit.framework in Frameworks */ = {isa = PBXBuildFile; fileRef = F3842D822FBD10CF00135D8F /* WidgetKit.framework */; };
		F3842D852FBD10CF00135D8F /* SwiftUI.framework in Frameworks */ = {isa = PBXBuildFile; fileRef = F3842D842FBD10CF00135D8F /* SwiftUI.framework */; };
		F3842D962FBD10D000135D8F /* TaskWidgetExtension.appex in Embed Foundation Extensions */ = {isa = PBXBuildFile; fileRef = F3842D802FBD10CF00135D8F /* TaskWidgetExtension.appex */; settings = {ATTRIBUTES = (RemoveHeadersOnCopy, ); }; };
/* End PBXBuildFile section */

/* Begin PBXContainerItemProxy section */
		F31AEFE42FB6CE7B0064BA35 /* PBXContainerItemProxy */ = {
			isa = PBXContainerItemProxy;
			containerPortal = F31AEFCB2FB6CE7A0064BA35 /* Project object */;
			proxyType = 1;
			remoteGlobalIDString = F31AEFD22FB6CE7A0064BA35;
			remoteInfo = "today-todo-ios";
		};
		F31AEFEE2FB6CE7B0064BA35 /* PBXContainerItemProxy */ = {
			isa = PBXContainerItemProxy;
			containerPortal = F31AEFCB2FB6CE7A0064BA35 /* Project object */;
			proxyType = 1;
			remoteGlobalIDString = F31AEFD22FB6CE7A0064BA35;
			remoteInfo = "today-todo-ios";
		};
		F3842D942FBD10D000135D8F /* PBXContainerItemProxy */ = {
			isa = PBXContainerItemProxy;
			containerPortal = F31AEFCB2FB6CE7A0064BA35 /* Project object */;
			proxyType = 1;
			remoteGlobalIDString = F3842D7F2FBD10CF00135D8F;
			remoteInfo = TaskWidgetExtension;
		};
/* End PBXContainerItemProxy section */

/* Begin PBXCopyFilesBuildPhase section */
		F3842D9B2FBD10D000135D8F /* Embed Foundation Extensions */ = {
			isa = PBXCopyFilesBuildPhase;
			buildActionMask = 2147483647;
			dstPath = "";
			dstSubfolderSpec = 13;
			files = (
				F3842D962FBD10D000135D8F /* TaskWidgetExtension.appex in Embed Foundation Extensions */,
			);
			name = "Embed Foundation Extensions";
			runOnlyForDeploymentPostprocessing = 0;
		};
/* End PBXCopyFilesBuildPhase section */

/* Begin PBXFileReference section */
		F31AEFD32FB6CE7A0064BA35 /* today-todo-ios.app */ = {isa = PBXFileReference; explicitFileType = wrapper.application; includeInIndex = 0; path = "today-todo-ios.app"; sourceTree = BUILT_PRODUCTS_DIR; };
		F31AEFE32FB6CE7B0064BA35 /* today-todo-iosTests.xctest */ = {isa = PBXFileReference; explicitFileType = wrapper.cfbundle; includeInIndex = 0; path = "today-todo-iosTests.xctest"; sourceTree = BUILT_PRODUCTS_DIR; };
		F31AEFED2FB6CE7B0064BA35 /* today-todo-iosUITests.xctest */ = {isa = PBXFileReference; explicitFileType = wrapper.cfbundle; includeInIndex = 0; path = "today-todo-iosUITests.xctest"; sourceTree = BUILT_PRODUCTS_DIR; };
		F3842D802FBD10CF00135D8F /* TaskWidgetExtension.appex */ = {isa = PBXFileReference; explicitFileType = "wrapper.app-extension"; includeInIndex = 0; path = TaskWidgetExtension.appex; sourceTree = BUILT_PRODUCTS_DIR; };
		F3842D822FBD10CF00135D8F /* WidgetKit.framework */ = {isa = PBXFileReference; lastKnownFileType = wrapper.framework; name = WidgetKit.framework; path = System/Library/Frameworks/WidgetKit.framework; sourceTree = SDKROOT; };
		F3842D842FBD10CF00135D8F /* SwiftUI.framework */ = {isa = PBXFileReference; lastKnownFileType = wrapper.framework; name = SwiftUI.framework; path = System/Library/Frameworks/SwiftUI.framework; sourceTree = SDKROOT; };
		F3842D9D2FBD11A900135D8F /* TaskWidgetExtension.entitlements */ = {isa = PBXFileReference; lastKnownFileType = text.plist.entitlements; path = TaskWidgetExtension.entitlements; sourceTree = "<group>"; };
/* End PBXFileReference section */

/* Begin PBXFileSystemSynchronizedBuildFileExceptionSet section */
		F3842D9A2FBD10D000135D8F /* Exceptions for "TaskWidget" folder in "TaskWidgetExtension" target */ = {
			isa = PBXFileSystemSynchronizedBuildFileExceptionSet;
			membershipExceptions = (
				Info.plist,
			);
			target = F3842D7F2FBD10CF00135D8F /* TaskWidgetExtension */;
		};
		F3842DA82FBD188800135D8F /* Exceptions for "today-todo-ios" folder in "TaskWidgetExtension" target */ = {
			isa = PBXFileSystemSynchronizedBuildFileExceptionSet;
			membershipExceptions = (
				Models/TodoItem.swift,
				"Resources/Fonts/Fraunces144pt-Italic.ttf",
				"Resources/Fonts/Fraunces144pt-Light.ttf",
				"Resources/Fonts/Fraunces144pt-LightItalic.ttf",
				"Resources/Fonts/Fraunces144pt-Regular.ttf",
				"Resources/Fonts/Fraunces144pt-SemiBold.ttf",
				"Resources/Fonts/Geist-Italic.otf",
				"Resources/Fonts/Geist-Medium.otf",
				"Resources/Fonts/Geist-Regular.otf",
				"Resources/Fonts/Geist-SemiBold.otf",
				"Resources/Fonts/GeistMono-Medium.otf",
				"Resources/Fonts/GeistMono-Regular.otf",
				Shared/SharedTodoStore.swift,
			);
			target = F3842D7F2FBD10CF00135D8F /* TaskWidgetExtension */;
		};
		F3E1CD012FB7D0D20080329C /* Exceptions for "today-todo-ios" folder in "today-todo-ios" target */ = {
			isa = PBXFileSystemSynchronizedBuildFileExceptionSet;
			membershipExceptions = (
				Info.plist,
			);
			target = F31AEFD22FB6CE7A0064BA35 /* today-todo-ios */;
		};
/* End PBXFileSystemSynchronizedBuildFileExceptionSet section */

/* Begin PBXFileSystemSynchronizedRootGroup section */
		F31AEFD52FB6CE7A0064BA35 /* today-todo-ios */ = {
			isa = PBXFileSystemSynchronizedRootGroup;
			exceptions = (
				F3E1CD012FB7D0D20080329C /* Exceptions for "today-todo-ios" folder in "today-todo-ios" target */,
				F3842DA82FBD188800135D8F /* Exceptions for "today-todo-ios" folder in "TaskWidgetExtension" target */,
			);
			path = "today-todo-ios";
			sourceTree = "<group>";
		};
		F31AEFE62FB6CE7B0064BA35 /* today-todo-iosTests */ = {
			isa = PBXFileSystemSynchronizedRootGroup;
			path = "today-todo-iosTests";
			sourceTree = "<group>";
		};
		F31AEFF02FB6CE7B0064BA35 /* today-todo-iosUITests */ = {
			isa = PBXFileSystemSynchronizedRootGroup;
			path = "today-todo-iosUITests";
			sourceTree = "<group>";
		};
		F3842D862FBD10CF00135D8F /* TaskWidget */ = {
			isa = PBXFileSystemSynchronizedRootGroup;
			exceptions = (
				F3842D9A2FBD10D000135D8F /* Exceptions for "TaskWidget" folder in "TaskWidgetExtension" target */,
			);
			path = TaskWidget;
			sourceTree = "<group>";
		};
/* End PBXFileSystemSynchronizedRootGroup section */

/* Begin PBXFrameworksBuildPhase section */
		F31AEFD02FB6CE7A0064BA35 /* Frameworks */ = {
			isa = PBXFrameworksBuildPhase;
			buildActionMask = 2147483647;
			files = (
			);
			runOnlyForDeploymentPostprocessing = 0;
		};
		F31AEFE02FB6CE7B0064BA35 /* Frameworks */ = {
			isa = PBXFrameworksBuildPhase;
			buildActionMask = 2147483647;
			files = (
			);
			runOnlyForDeploymentPostprocessing = 0;
		};
		F31AEFEA2FB6CE7B0064BA35 /* Frameworks */ = {
			isa = PBXFrameworksBuildPhase;
			buildActionMask = 2147483647;
			files = (
			);
			runOnlyForDeploymentPostprocessing = 0;
		};
		F3842D7D2FBD10CF00135D8F /* Frameworks */ = {
			isa = PBXFrameworksBuildPhase;
			buildActionMask = 2147483647;
			files = (
				F3842D852FBD10CF00135D8F /* SwiftUI.framework in Frameworks */,
				F3842D832FBD10CF00135D8F /* WidgetKit.framework in Frameworks */,
			);
			runOnlyForDeploymentPostprocessing = 0;
		};
/* End PBXFrameworksBuildPhase section */

/* Begin PBXGroup section */
		F31AEFCA2FB6CE7A0064BA35 = {
			isa = PBXGroup;
			children = (
				F3842D9D2FBD11A900135D8F /* TaskWidgetExtension.entitlements */,
				F31AEFD52FB6CE7A0064BA35 /* today-todo-ios */,
				F31AEFE62FB6CE7B0064BA35 /* today-todo-iosTests */,
				F31AEFF02FB6CE7B0064BA35 /* today-todo-iosUITests */,
				F3842D862FBD10CF00135D8F /* TaskWidget */,
				F3842D812FBD10CF00135D8F /* Frameworks */,
				F31AEFD42FB6CE7A0064BA35 /* Products */,
			);
			sourceTree = "<group>";
		};
		F31AEFD42FB6CE7A0064BA35 /* Products */ = {
			isa = PBXGroup;
			children = (
				F31AEFD32FB6CE7A0064BA35 /* today-todo-ios.app */,
				F31AEFE32FB6CE7B0064BA35 /* today-todo-iosTests.xctest */,
				F31AEFED2FB6CE7B0064BA35 /* today-todo-iosUITests.xctest */,
				F3842D802FBD10CF00135D8F /* TaskWidgetExtension.appex */,
			);
			name = Products;
			sourceTree = "<group>";
		};
		F3842D812FBD10CF00135D8F /* Frameworks */ = {
			isa = PBXGroup;
			children = (
				F3842D822FBD10CF00135D8F /* WidgetKit.framework */,
				F3842D842FBD10CF00135D8F /* SwiftUI.framework */,
			);
			name = Frameworks;
			sourceTree = "<group>";
		};
/* End PBXGroup section */

/* Begin PBXNativeTarget section */
		F31AEFD22FB6CE7A0064BA35 /* today-todo-ios */ = {
			isa = PBXNativeTarget;
			buildConfigurationList = F31AEFF72FB6CE7B0064BA35 /* Build configuration list for PBXNativeTarget "today-todo-ios" */;
			buildPhases = (
				F31AEFCF2FB6CE7A0064BA35 /* Sources */,
				F31AEFD02FB6CE7A0064BA35 /* Frameworks */,
				F31AEFD12FB6CE7A0064BA35 /* Resources */,
				F3842D9B2FBD10D000135D8F /* Embed Foundation Extensions */,
			);
			buildRules = (
			);
			dependencies = (
				F3842D952FBD10D000135D8F /* PBXTargetDependency */,
			);
			fileSystemSynchronizedGroups = (
				F31AEFD52FB6CE7A0064BA35 /* today-todo-ios */,
			);
			name = "today-todo-ios";
			packageProductDependencies = (
			);
			productName = "today-todo-ios";
			productReference = F31AEFD32FB6CE7A0064BA35 /* today-todo-ios.app */;
			productType = "com.apple.product-type.application";
		};
		F31AEFE22FB6CE7B0064BA35 /* today-todo-iosTests */ = {
			isa = PBXNativeTarget;
			buildConfigurationList = F31AEFFA2FB6CE7B0064BA35 /* Build configuration list for PBXNativeTarget "today-todo-iosTests" */;
			buildPhases = (
				F31AEFDF2FB6CE7B0064BA35 /* Sources */,
				F31AEFE02FB6CE7B0064BA35 /* Frameworks */,
				F31AEFE12FB6CE7B0064BA35 /* Resources */,
			);
			buildRules = (
			);
			dependencies = (
				F31AEFE52FB6CE7B0064BA35 /* PBXTargetDependency */,
			);
			fileSystemSynchronizedGroups = (
				F31AEFE62FB6CE7B0064BA35 /* today-todo-iosTests */,
			);
			name = "today-todo-iosTests";
			packageProductDependencies = (
			);
			productName = "today-todo-iosTests";
			productReference = F31AEFE32FB6CE7B0064BA35 /* today-todo-iosTests.xctest */;
			productType = "com.apple.product-type.bundle.unit-test";
		};
		F31AEFEC2FB6CE7B0064BA35 /* today-todo-iosUITests */ = {
			isa = PBXNativeTarget;
			buildConfigurationList = F31AEFFD2FB6CE7B0064BA35 /* Build configuration list for PBXNativeTarget "today-todo-iosUITests" */;
			buildPhases = (
				F31AEFE92FB6CE7B0064BA35 /* Sources */,
				F31AEFEA2FB6CE7B0064BA35 /* Frameworks */,
				F31AEFEB2FB6CE7B0064BA35 /* Resources */,
			);
			buildRules = (
			);
			dependencies = (
				F31AEFEF2FB6CE7B0064BA35 /* PBXTargetDependency */,
			);
			fileSystemSynchronizedGroups = (
				F31AEFF02FB6CE7B0064BA35 /* today-todo-iosUITests */,
			);
			name = "today-todo-iosUITests";
			packageProductDependencies = (
			);
			productName = "today-todo-iosUITests";
			productReference = F31AEFED2FB6CE7B0064BA35 /* today-todo-iosUITests.xctest */;
			productType = "com.apple.product-type.bundle.ui-testing";
		};
		F3842D7F2FBD10CF00135D8F /* TaskWidgetExtension */ = {
			isa = PBXNativeTarget;
			buildConfigurationList = F3842D972FBD10D000135D8F /* Build configuration list for PBXNativeTarget "TaskWidgetExtension" */;
			buildPhases = (
				F3842D7C2FBD10CF00135D8F /* Sources */,
				F3842D7D2FBD10CF00135D8F /* Frameworks */,
				F3842D7E2FBD10CF00135D8F /* Resources */,
			);
			buildRules = (
			);
			dependencies = (
			);
			fileSystemSynchronizedGroups = (
				F3842D862FBD10CF00135D8F /* TaskWidget */,
			);
			name = TaskWidgetExtension;
			packageProductDependencies = (
			);
			productName = TaskWidgetExtension;
			productReference = F3842D802FBD10CF00135D8F /* TaskWidgetExtension.appex */;
			productType = "com.apple.product-type.app-extension";
		};
/* End PBXNativeTarget section */

/* Begin PBXProject section */
		F31AEFCB2FB6CE7A0064BA35 /* Project object */ = {
			isa = PBXProject;
			attributes = {
				BuildIndependentTargetsInParallel = 1;
				LastSwiftUpdateCheck = 1600;
				LastUpgradeCheck = 1600;
				TargetAttributes = {
					F31AEFD22FB6CE7A0064BA35 = {
						CreatedOnToolsVersion = 16.0;
					};
					F31AEFE22FB6CE7B0064BA35 = {
						CreatedOnToolsVersion = 16.0;
						TestTargetID = F31AEFD22FB6CE7A0064BA35;
					};
					F31AEFEC2FB6CE7B0064BA35 = {
						CreatedOnToolsVersion = 16.0;
						TestTargetID = F31AEFD22FB6CE7A0064BA35;
					};
					F3842D7F2FBD10CF00135D8F = {
						CreatedOnToolsVersion = 16.0;
					};
				};
			};
			buildConfigurationList = F31AEFCE2FB6CE7A0064BA35 /* Build configuration list for PBXProject "today-todo-ios" */;
			developmentRegion = en;
			hasScannedForEncodings = 0;
			knownRegions = (
				en,
				Base,
			);
			mainGroup = F31AEFCA2FB6CE7A0064BA35;
			minimizedProjectReferenceProxies = 1;
			preferredProjectObjectVersion = 77;
			productRefGroup = F31AEFD42FB6CE7A0064BA35 /* Products */;
			projectDirPath = "";
			projectRoot = "";
			targets = (
				F31AEFD22FB6CE7A0064BA35 /* today-todo-ios */,
				F31AEFE22FB6CE7B0064BA35 /* today-todo-iosTests */,
				F31AEFEC2FB6CE7B0064BA35 /* today-todo-iosUITests */,
				F3842D7F2FBD10CF00135D8F /* TaskWidgetExtension */,
			);
		};
/* End PBXProject section */

/* Begin PBXResourcesBuildPhase section */
		F31AEFD12FB6CE7A0064BA35 /* Resources */ = {
			isa = PBXResourcesBuildPhase;
			buildActionMask = 2147483647;
			files = (
			);
			runOnlyForDeploymentPostprocessing = 0;
		};
		F31AEFE12FB6CE7B0064BA35 /* Resources */ = {
			isa = PBXResourcesBuildPhase;
			buildActionMask = 2147483647;
			files = (
			);
			runOnlyForDeploymentPostprocessing = 0;
		};
		F31AEFEB2FB6CE7B0064BA35 /* Resources */ = {
			isa = PBXResourcesBuildPhase;
			buildActionMask = 2147483647;
			files = (
			);
			runOnlyForDeploymentPostprocessing = 0;
		};
		F3842D7E2FBD10CF00135D8F /* Resources */ = {
			isa = PBXResourcesBuildPhase;
			buildActionMask = 2147483647;
			files = (
			);
			runOnlyForDeploymentPostprocessing = 0;
		};
/* End PBXResourcesBuildPhase section */

/* Begin PBXSourcesBuildPhase section */
		F31AEFCF2FB6CE7A0064BA35 /* Sources */ = {
			isa = PBXSourcesBuildPhase;
			buildActionMask = 2147483647;
			files = (
			);
			runOnlyForDeploymentPostprocessing = 0;
		};
		F31AEFDF2FB6CE7B0064BA35 /* Sources */ = {
			isa = PBXSourcesBuildPhase;
			buildActionMask = 2147483647;
			files = (
			);
			runOnlyForDeploymentPostprocessing = 0;
		};
		F31AEFE92FB6CE7B0064BA35 /* Sources */ = {
			isa = PBXSourcesBuildPhase;
			buildActionMask = 2147483647;
			files = (
			);
			runOnlyForDeploymentPostprocessing = 0;
		};
		F3842D7C2FBD10CF00135D8F /* Sources */ = {
			isa = PBXSourcesBuildPhase;
			buildActionMask = 2147483647;
			files = (
			);
			runOnlyForDeploymentPostprocessing = 0;
		};
/* End PBXSourcesBuildPhase section */

/* Begin PBXTargetDependency section */
		F31AEFE52FB6CE7B0064BA35 /* PBXTargetDependency */ = {
			isa = PBXTargetDependency;
			target = F31AEFD22FB6CE7A0064BA35 /* today-todo-ios */;
			targetProxy = F31AEFE42FB6CE7B0064BA35 /* PBXContainerItemProxy */;
		};
		F31AEFEF2FB6CE7B0064BA35 /* PBXTargetDependency */ = {
			isa = PBXTargetDependency;
			target = F31AEFD22FB6CE7A0064BA35 /* today-todo-ios */;
			targetProxy = F31AEFEE2FB6CE7B0064BA35 /* PBXContainerItemProxy */;
		};
		F3842D952FBD10D000135D8F /* PBXTargetDependency */ = {
			isa = PBXTargetDependency;
			target = F3842D7F2FBD10CF00135D8F /* TaskWidgetExtension */;
			targetProxy = F3842D942FBD10D000135D8F /* PBXContainerItemProxy */;
		};
/* End PBXTargetDependency section */

/* Begin XCBuildConfiguration section */
		F31AEFF52FB6CE7B0064BA35 /* Debug */ = {
			isa = XCBuildConfiguration;
			buildSettings = {
				ALWAYS_SEARCH_USER_PATHS = NO;
				ASSETCATALOG_COMPILER_GENERATE_SWIFT_ASSET_SYMBOL_EXTENSIONS = YES;
				CLANG_ANALYZER_NONNULL = YES;
				CLANG_ANALYZER_NUMBER_OBJECT_CONVERSION = YES_AGGRESSIVE;
				CLANG_CXX_LANGUAGE_STANDARD = "gnu++20";
				CLANG_ENABLE_MODULES = YES;
				CLANG_ENABLE_OBJC_ARC = YES;
				CLANG_ENABLE_OBJC_WEAK = YES;
				CLANG_WARN_BLOCK_CAPTURE_AUTORELEASING = YES;
				CLANG_WARN_BOOL_CONVERSION = YES;
				CLANG_WARN_COMMA = YES;
				CLANG_WARN_CONSTANT_CONVERSION = YES;
				CLANG_WARN_DEPRECATED_OBJC_IMPLEMENTATIONS = YES;
				CLANG_WARN_DIRECT_OBJC_ISA_USAGE = YES_ERROR;
				CLANG_WARN_DOCUMENTATION_COMMENTS = YES;
				CLANG_WARN_EMPTY_BODY = YES;
				CLANG_WARN_ENUM_CONVERSION = YES;
				CLANG_WARN_INFINITE_RECURSION = YES;
				CLANG_WARN_INT_CONVERSION = YES;
				CLANG_WARN_NON_LITERAL_NULL_CONVERSION = YES;
				CLANG_WARN_OBJC_IMPLICIT_RETAIN_SELF = YES;
				CLANG_WARN_OBJC_LITERAL_CONVERSION = YES;
				CLANG_WARN_OBJC_ROOT_CLASS = YES_ERROR;
				CLANG_WARN_QUOTED_INCLUDE_IN_FRAMEWORK_HEADER = YES;
				CLANG_WARN_RANGE_LOOP_ANALYSIS = YES;
				CLANG_WARN_STRICT_PROTOTYPES = YES;
				CLANG_WARN_SUSPICIOUS_MOVE = YES;
				CLANG_WARN_UNGUARDED_AVAILABILITY = YES_AGGRESSIVE;
				CLANG_WARN_UNREACHABLE_CODE = YES;
				CLANG_WARN__DUPLICATE_METHOD_MATCH = YES;
				COPY_PHASE_STRIP = NO;
				DEBUG_INFORMATION_FORMAT = dwarf;
				ENABLE_STRICT_OBJC_MSGSEND = YES;
				ENABLE_TESTABILITY = YES;
				ENABLE_USER_SCRIPT_SANDBOXING = YES;
				GCC_C_LANGUAGE_STANDARD = gnu17;
				GCC_DYNAMIC_NO_PIC = NO;
				GCC_NO_COMMON_BLOCKS = YES;
				GCC_OPTIMIZATION_LEVEL = 0;
				GCC_PREPROCESSOR_DEFINITIONS = (
					"DEBUG=1",
					"$(inherited)",
				);
				GCC_WARN_64_TO_32_BIT_CONVERSION = YES;
				GCC_WARN_ABOUT_RETURN_TYPE = YES_ERROR;
				GCC_WARN_UNDECLARED_SELECTOR = YES;
				GCC_WARN_UNINITIALIZED_AUTOS = YES_AGGRESSIVE;
				GCC_WARN_UNUSED_FUNCTION = YES;
				GCC_WARN_UNUSED_VARIABLE = YES;
				IPHONEOS_DEPLOYMENT_TARGET = 18.0;
				LOCALIZATION_PREFERS_STRING_CATALOGS = YES;
				MTL_ENABLE_DEBUG_INFO = INCLUDE_SOURCE;
				MTL_FAST_MATH = YES;
				ONLY_ACTIVE_ARCH = YES;
				SDKROOT = iphoneos;
				SWIFT_ACTIVE_COMPILATION_CONDITIONS = "DEBUG $(inherited)";
				SWIFT_OPTIMIZATION_LEVEL = "-Onone";
			};
			name = Debug;
		};
		F31AEFF62FB6CE7B0064BA35 /* Release */ = {
			isa = XCBuildConfiguration;
			buildSettings = {
				ALWAYS_SEARCH_USER_PATHS = NO;
				ASSETCATALOG_COMPILER_GENERATE_SWIFT_ASSET_SYMBOL_EXTENSIONS = YES;
				CLANG_ANALYZER_NONNULL = YES;
				CLANG_ANALYZER_NUMBER_OBJECT_CONVERSION = YES_AGGRESSIVE;
				CLANG_CXX_LANGUAGE_STANDARD = "gnu++20";
				CLANG_ENABLE_MODULES = YES;
				CLANG_ENABLE_OBJC_ARC = YES;
				CLANG_ENABLE_OBJC_WEAK = YES;
				CLANG_WARN_BLOCK_CAPTURE_AUTORELEASING = YES;
				CLANG_WARN_BOOL_CONVERSION = YES;
				CLANG_WARN_COMMA = YES;
				CLANG_WARN_CONSTANT_CONVERSION = YES;
				CLANG_WARN_DEPRECATED_OBJC_IMPLEMENTATIONS = YES;
				CLANG_WARN_DIRECT_OBJC_ISA_USAGE = YES_ERROR;
				CLANG_WARN_DOCUMENTATION_COMMENTS = YES;
				CLANG_WARN_EMPTY_BODY = YES;
				CLANG_WARN_ENUM_CONVERSION = YES;
				CLANG_WARN_INFINITE_RECURSION = YES;
				CLANG_WARN_INT_CONVERSION = YES;
				CLANG_WARN_NON_LITERAL_NULL_CONVERSION = YES;
				CLANG_WARN_OBJC_IMPLICIT_RETAIN_SELF = YES;
				CLANG_WARN_OBJC_LITERAL_CONVERSION = YES;
				CLANG_WARN_OBJC_ROOT_CLASS = YES_ERROR;
				CLANG_WARN_QUOTED_INCLUDE_IN_FRAMEWORK_HEADER = YES;
				CLANG_WARN_RANGE_LOOP_ANALYSIS = YES;
				CLANG_WARN_STRICT_PROTOTYPES = YES;
				CLANG_WARN_SUSPICIOUS_MOVE = YES;
				CLANG_WARN_UNGUARDED_AVAILABILITY = YES_AGGRESSIVE;
				CLANG_WARN_UNREACHABLE_CODE = YES;
				CLANG_WARN__DUPLICATE_METHOD_MATCH = YES;
				COPY_PHASE_STRIP = NO;
				DEBUG_INFORMATION_FORMAT = "dwarf-with-dsym";
				ENABLE_NS_ASSERTIONS = NO;
				ENABLE_STRICT_OBJC_MSGSEND = YES;
				ENABLE_USER_SCRIPT_SANDBOXING = YES;
				GCC_C_LANGUAGE_STANDARD = gnu17;
				GCC_NO_COMMON_BLOCKS = YES;
				GCC_WARN_64_TO_32_BIT_CONVERSION = YES;
				GCC_WARN_ABOUT_RETURN_TYPE = YES_ERROR;
				GCC_WARN_UNDECLARED_SELECTOR = YES;
				GCC_WARN_UNINITIALIZED_AUTOS = YES_AGGRESSIVE;
				GCC_WARN_UNUSED_FUNCTION = YES;
				GCC_WARN_UNUSED_VARIABLE = YES;
				IPHONEOS_DEPLOYMENT_TARGET = 18.0;
				LOCALIZATION_PREFERS_STRING_CATALOGS = YES;
				MTL_ENABLE_DEBUG_INFO = NO;
				MTL_FAST_MATH = YES;
				SDKROOT = iphoneos;
				SWIFT_COMPILATION_MODE = wholemodule;
				VALIDATE_PRODUCT = YES;
			};
			name = Release;
		};
		F31AEFF82FB6CE7B0064BA35 /* Debug */ = {
			isa = XCBuildConfiguration;
			buildSettings = {
				ASSETCATALOG_COMPILER_APPICON_NAME = AppIcon;
				ASSETCATALOG_COMPILER_GLOBAL_ACCENT_COLOR_NAME = AccentColor;
				CODE_SIGN_ENTITLEMENTS = "today-todo-ios/today-todo-ios.entitlements";
				CODE_SIGN_STYLE = Automatic;
				CURRENT_PROJECT_VERSION = 1;
				DEVELOPMENT_ASSET_PATHS = "\"today-todo-ios/Preview Content\"";
				DEVELOPMENT_TEAM = "";
				ENABLE_PREVIEWS = YES;
				GENERATE_INFOPLIST_FILE = YES;
				INFOPLIST_FILE = "today-todo-ios/Info.plist";
				INFOPLIST_KEY_CFBundleDisplayName = Today.;
				LD_RUNPATH_SEARCH_PATHS = (
					"$(inherited)",
					"@executable_path/Frameworks",
				);
				MARKETING_VERSION = 1.0;
				PRODUCT_BUNDLE_IDENTIFIER = "codemiracles.today-todo-ios";
				PRODUCT_NAME = "$(TARGET_NAME)";
				SWIFT_EMIT_LOC_STRINGS = YES;
				SWIFT_VERSION = 5.0;
				TARGETED_DEVICE_FAMILY = "1,2";
			};
			name = Debug;
		};
		F31AEFF92FB6CE7B0064BA35 /* Release */ = {
			isa = XCBuildConfiguration;
			buildSettings = {
				ASSETCATALOG_COMPILER_APPICON_NAME = AppIcon;
				ASSETCATALOG_COMPILER_GLOBAL_ACCENT_COLOR_NAME = AccentColor;
				CODE_SIGN_ENTITLEMENTS = "today-todo-ios/today-todo-ios.entitlements";
				CODE_SIGN_STYLE = Automatic;
				CURRENT_PROJECT_VERSION = 1;
				DEVELOPMENT_ASSET_PATHS = "\"today-todo-ios/Preview Content\"";
				DEVELOPMENT_TEAM = "";
				ENABLE_PREVIEWS = YES;
				GENERATE_INFOPLIST_FILE = YES;
				INFOPLIST_FILE = "today-todo-ios/Info.plist";
				INFOPLIST_KEY_CFBundleDisplayName = Today.;
				LD_RUNPATH_SEARCH_PATHS = (
					"$(inherited)",
					"@executable_path/Frameworks",
				);
				MARKETING_VERSION = 1.0;
				PRODUCT_BUNDLE_IDENTIFIER = "codemiracles.today-todo-ios";
				PRODUCT_NAME = "$(TARGET_NAME)";
				SWIFT_EMIT_LOC_STRINGS = YES;
				SWIFT_VERSION = 5.0;
				TARGETED_DEVICE_FAMILY = "1,2";
			};
			name = Release;
		};
		F31AEFFB2FB6CE7B0064BA35 /* Debug */ = {
			isa = XCBuildConfiguration;
			buildSettings = {
				BUNDLE_LOADER = "$(TEST_HOST)";
				CODE_SIGN_STYLE = Automatic;
				CURRENT_PROJECT_VERSION = 1;
				DEVELOPMENT_TEAM = "";
				GENERATE_INFOPLIST_FILE = YES;
				IPHONEOS_DEPLOYMENT_TARGET = 18.0;
				MARKETING_VERSION = 1.0;
				PRODUCT_BUNDLE_IDENTIFIER = "codemiracles.today-todo-iosTests";
				PRODUCT_NAME = "$(TARGET_NAME)";
				SWIFT_EMIT_LOC_STRINGS = NO;
				SWIFT_VERSION = 5.0;
				TARGETED_DEVICE_FAMILY = "1,2";
				TEST_HOST = "$(BUILT_PRODUCTS_DIR)/today-todo-ios.app/$(BUNDLE_EXECUTABLE_FOLDER_PATH)/today-todo-ios";
			};
			name = Debug;
		};
		F31AEFFC2FB6CE7B0064BA35 /* Release */ = {
			isa = XCBuildConfiguration;
			buildSettings = {
				BUNDLE_LOADER = "$(TEST_HOST)";
				CODE_SIGN_STYLE = Automatic;
				CURRENT_PROJECT_VERSION = 1;
				DEVELOPMENT_TEAM = "";
				GENERATE_INFOPLIST_FILE = YES;
				IPHONEOS_DEPLOYMENT_TARGET = 18.0;
				MARKETING_VERSION = 1.0;
				PRODUCT_BUNDLE_IDENTIFIER = "codemiracles.today-todo-iosTests";
				PRODUCT_NAME = "$(TARGET_NAME)";
				SWIFT_EMIT_LOC_STRINGS = NO;
				SWIFT_VERSION = 5.0;
				TARGETED_DEVICE_FAMILY = "1,2";
				TEST_HOST = "$(BUILT_PRODUCTS_DIR)/today-todo-ios.app/$(BUNDLE_EXECUTABLE_FOLDER_PATH)/today-todo-ios";
			};
			name = Release;
		};
		F31AEFFE2FB6CE7B0064BA35 /* Debug */ = {
			isa = XCBuildConfiguration;
			buildSettings = {
				CODE_SIGN_STYLE = Automatic;
				CURRENT_PROJECT_VERSION = 1;
				DEVELOPMENT_TEAM = "";
				GENERATE_INFOPLIST_FILE = YES;
				MARKETING_VERSION = 1.0;
				PRODUCT_BUNDLE_IDENTIFIER = "codemiracles.today-todo-iosUITests";
				PRODUCT_NAME = "$(TARGET_NAME)";
				SWIFT_EMIT_LOC_STRINGS = NO;
				SWIFT_VERSION = 5.0;
				TARGETED_DEVICE_FAMILY = "1,2";
				TEST_TARGET_NAME = "today-todo-ios";
			};
			name = Debug;
		};
		F31AEFFF2FB6CE7B0064BA35 /* Release */ = {
			isa = XCBuildConfiguration;
			buildSettings = {
				CODE_SIGN_STYLE = Automatic;
				CURRENT_PROJECT_VERSION = 1;
				DEVELOPMENT_TEAM = "";
				GENERATE_INFOPLIST_FILE = YES;
				MARKETING_VERSION = 1.0;
				PRODUCT_BUNDLE_IDENTIFIER = "codemiracles.today-todo-iosUITests";
				PRODUCT_NAME = "$(TARGET_NAME)";
				SWIFT_EMIT_LOC_STRINGS = NO;
				SWIFT_VERSION = 5.0;
				TARGETED_DEVICE_FAMILY = "1,2";
				TEST_TARGET_NAME = "today-todo-ios";
			};
			name = Release;
		};
		F3842D982FBD10D000135D8F /* Debug */ = {
			isa = XCBuildConfiguration;
			buildSettings = {
				ASSETCATALOG_COMPILER_GLOBAL_ACCENT_COLOR_NAME = AccentColor;
				ASSETCATALOG_COMPILER_WIDGET_BACKGROUND_COLOR_NAME = WidgetBackground;
				CODE_SIGN_ENTITLEMENTS = TaskWidgetExtension.entitlements;
				CODE_SIGN_STYLE = Automatic;
				CURRENT_PROJECT_VERSION = 1;
				DEVELOPMENT_TEAM = "";
				GENERATE_INFOPLIST_FILE = YES;
				INFOPLIST_FILE = TaskWidget/Info.plist;
				INFOPLIST_KEY_CFBundleDisplayName = TaskWidget;
				INFOPLIST_KEY_NSHumanReadableCopyright = "";
				LD_RUNPATH_SEARCH_PATHS = (
					"$(inherited)",
					"@executable_path/Frameworks",
					"@executable_path/../../Frameworks",
				);
				MARKETING_VERSION = 1.0;
				PRODUCT_BUNDLE_IDENTIFIER = "codemiracles.today-todo-ios.TaskWidget";
				PRODUCT_NAME = "$(TARGET_NAME)";
				SKIP_INSTALL = YES;
				SWIFT_EMIT_LOC_STRINGS = YES;
				SWIFT_VERSION = 5.0;
				TARGETED_DEVICE_FAMILY = "1,2";
			};
			name = Debug;
		};
		F3842D992FBD10D000135D8F /* Release */ = {
			isa = XCBuildConfiguration;
			buildSettings = {
				ASSETCATALOG_COMPILER_GLOBAL_ACCENT_COLOR_NAME = AccentColor;
				ASSETCATALOG_COMPILER_WIDGET_BACKGROUND_COLOR_NAME = WidgetBackground;
				CODE_SIGN_ENTITLEMENTS = TaskWidgetExtension.entitlements;
				CODE_SIGN_STYLE = Automatic;
				CURRENT_PROJECT_VERSION = 1;
				DEVELOPMENT_TEAM = "";
				GENERATE_INFOPLIST_FILE = YES;
				INFOPLIST_FILE = TaskWidget/Info.plist;
				INFOPLIST_KEY_CFBundleDisplayName = TaskWidget;
				INFOPLIST_KEY_NSHumanReadableCopyright = "";
				LD_RUNPATH_SEARCH_PATHS = (
					"$(inherited)",
					"@executable_path/Frameworks",
					"@executable_path/../../Frameworks",
				);
				MARKETING_VERSION = 1.0;
				PRODUCT_BUNDLE_IDENTIFIER = "codemiracles.today-todo-ios.TaskWidget";
				PRODUCT_NAME = "$(TARGET_NAME)";
				SKIP_INSTALL = YES;
				SWIFT_EMIT_LOC_STRINGS = YES;
				SWIFT_VERSION = 5.0;
				TARGETED_DEVICE_FAMILY = "1,2";
			};
			name = Release;
		};
/* End XCBuildConfiguration section */

/* Begin XCConfigurationList section */
		F31AEFCE2FB6CE7A0064BA35 /* Build configuration list for PBXProject "today-todo-ios" */ = {
			isa = XCConfigurationList;
			buildConfigurations = (
				F31AEFF52FB6CE7B0064BA35 /* Debug */,
				F31AEFF62FB6CE7B0064BA35 /* Release */,
			);
			defaultConfigurationIsVisible = 0;
			defaultConfigurationName = Release;
		};
		F31AEFF72FB6CE7B0064BA35 /* Build configuration list for PBXNativeTarget "today-todo-ios" */ = {
			isa = XCConfigurationList;
			buildConfigurations = (
				F31AEFF82FB6CE7B0064BA35 /* Debug */,
				F31AEFF92FB6CE7B0064BA35 /* Release */,
			);
			defaultConfigurationIsVisible = 0;
			defaultConfigurationName = Release;
		};
		F31AEFFA2FB6CE7B0064BA35 /* Build configuration list for PBXNativeTarget "today-todo-iosTests" */ = {
			isa = XCConfigurationList;
			buildConfigurations = (
				F31AEFFB2FB6CE7B0064BA35 /* Debug */,
				F31AEFFC2FB6CE7B0064BA35 /* Release */,
			);
			defaultConfigurationIsVisible = 0;
			defaultConfigurationName = Release;
		};
		F31AEFFD2FB6CE7B0064BA35 /* Build configuration list for PBXNativeTarget "today-todo-iosUITests" */ = {
			isa = XCConfigurationList;
			buildConfigurations = (
				F31AEFFE2FB6CE7B0064BA35 /* Debug */,
				F31AEFFF2FB6CE7B0064BA35 /* Release */,
			);
			defaultConfigurationIsVisible = 0;
			defaultConfigurationName = Release;
		};
		F3842D972FBD10D000135D8F /* Build configuration list for PBXNativeTarget "TaskWidgetExtension" */ = {
			isa = XCConfigurationList;
			buildConfigurations = (
				F3842D982FBD10D000135D8F /* Debug */,
				F3842D992FBD10D000135D8F /* Release */,
			);
			defaultConfigurationIsVisible = 0;
			defaultConfigurationName = Release;
		};
/* End XCConfigurationList section */
	};
	rootObject = F31AEFCB2FB6CE7A0064BA35 /* Project object */;
}
